
Microsoft Visual Studio Solution File, Format Version 12.00
# Visual Studio Version 17
VisualStudioVersion = 17.14.36121.58 d17.14
MinimumVisualStudioVersion = 10.0.40219.1
Project("{FAE04EC0-301F-11D3-BF4B-00C04F79EFBC}") = "GCodeParser", "GCodeParser\GCodeParser.csproj", "{34845F18-99A1-4E29-B0CC-7539F11968BC}"
EndProject
Global
	GlobalSection(SolutionConfigurationPlatforms) = preSolution
		Debug|Any CPU = Debug|Any CPU
		Release|Any CPU = Release|Any CPU
	EndGlobalSection
	GlobalSection(ProjectConfigurationPlatforms) = postSolution
		{34845F18-99A1-4E29-B0CC-7539F11968BC}.Debug|Any CPU.ActiveCfg = Debug|Any CPU
		{34845F18-99A1-4E29-B0CC-7539F11968BC}.Debug|Any CPU.Build.0 = Debug|Any CPU
		{34845F18-99A1-4E29-B0CC-7539F11968BC}.Release|Any CPU.ActiveCfg = Release|Any CPU
		{34845F18-99A1-4E29-B0CC-7539F11968BC}.Release|Any CPU.Build.0 = Release|Any CPU
	EndGlobalSection
	GlobalSection(SolutionProperties) = preSolution
		HideSolutionNode = FALSE
	EndGlobalSection
	GlobalSection(ExtensibilityGlobals) = postSolution
		SolutionGuid = {E999D9D1-B7B1-4BEA-ABDB-61EE91B15715}
	EndGlobalSection
EndGlobal
